// !$*UTF8*$!
{
	archiveVersion = 1;
	classes = {
	};
	objectVersion = 56;
	objects = {

/* Begin PBXBuildFile section */
		047C00412B6A2102003D8E84 /* AppDelegate.swift in Sources */ = {isa = PBXBuildFile; fileRef = 047C00402B6A2102003D8E84 /* AppDelegate.swift */; };
		047C00432B6A2102003D8E84 /* SceneDelegate.swift in Sources */ = {isa = PBXBuildFile; fileRef = 047C00422B6A2102003D8E84 /* SceneDelegate.swift */; };
		047C00452B6A2103003D8E84 /* ViewController.swift in Sources */ = {isa = PBXBuildFile; fileRef = 047C00442B6A2103003D8E84 /* ViewController.swift */; };
		047C00482B6A2103003D8E84 /* Main.storyboard in Resources */ = {isa = PBXBuildFile; fileRef = 047C00462B6A2103003D8E84 /* Main.storyboard */; };
		047C004A2B6A2107003D8E84 /* Assets.xcassets in Resources */ = {isa = PBXBuildFile; fileRef = 047C00492B6A2107003D8E84 /* Assets.xcassets */; };
		047C004D2B6A2107003D8E84 /* LaunchScreen.storyboard in Resources */ = {isa = PBXBuildFile; fileRef = 047C004B2B6A2107003D8E84 /* LaunchScreen.storyboard */; };
		047C00612B6A21FC003D8E84 /* Realm in Frameworks */ = {isa = PBXBuildFile; productRef = 047C00602B6A21FC003D8E84 /* Realm */; };
		047C00632B6A21FC003D8E84 /* RealmSwift in Frameworks */ = {isa = PBXBuildFile; productRef = 047C00622B6A21FC003D8E84 /* RealmSwift */; };
		047C00682B6A27EC003D8E84 /* Item.swift in Sources */ = {isa = PBXBuildFile; fileRef = 047C00672B6A27EC003D8E84 /* Item.swift */; };
		047C006C2B6A33D9003D8E84 /* RealmService.swift in Sources */ = {isa = PBXBuildFile; fileRef = 047C006B2B6A33D9003D8E84 /* RealmService.swift */; };
/* End PBXBuildFile section */

/* Begin PBXFileReference section */
		047C003D2B6A2102003D8E84 /* RealmServiceForMutex.app */ = {isa = PBXFileReference; explicitFileType = wrapper.application; includeInIndex = 0; path = RealmServiceForMutex.app; sourceTree = BUILT_PRODUCTS_DIR; };
		047C00402B6A2102003D8E84 /* AppDelegate.swift */ = {isa = PBXFileReference; lastKnownFileType = sourcecode.swift; path = AppDelegate.swift; sourceTree = "<group>"; };
		047C00422B6A2102003D8E84 /* SceneDelegate.swift */ = {isa = PBXFileReference; lastKnownFileType = sourcecode.swift; path = SceneDelegate.swift; sourceTree = "<group>"; };
		047C00442B6A2103003D8E84 /* ViewController.swift */ = {isa = PBXFileReference; lastKnownFileType = sourcecode.swift; path = ViewController.swift; sourceTree = "<group>"; };
		047C00472B6A2103003D8E84 /* Base */ = {isa = PBXFileReference; lastKnownFileType = file.storyboard; name = Base; path = Base.lproj/Main.storyboard; sourceTree = "<group>"; };
		047C00492B6A2107003D8E84 /* Assets.xcassets */ = {isa = PBXFileReference; lastKnownFileType = folder.assetcatalog; path = Assets.xcassets; sourceTree = "<group>"; };
		047C004C2B6A2107003D8E84 /* Base */ = {isa = PBXFileReference; lastKnownFileType = file.storyboard; name = Base; path = Base.lproj/LaunchScreen.storyboard; sourceTree = "<group>"; };
		047C004E2B6A2107003D8E84 /* Info.plist */ = {isa = PBXFileReference; lastKnownFileType = text.plist.xml; path = Info.plist; sourceTree = "<group>"; };
		047C00672B6A27EC003D8E84 /* Item.swift */ = {isa = PBXFileReference; lastKnownFileType = sourcecode.swift; path = Item.swift; sourceTree = "<group>"; };
		047C006B2B6A33D9003D8E84 /* RealmService.swift */ = {isa = PBXFileReference; lastKnownFileType = sourcecode.swift; path = RealmService.swift; sourceTree = "<group>"; };
/* End PBXFileReference section */

/* Begin PBXFrameworksBuildPhase section */
		047C003A2B6A2102003D8E84 /* Frameworks */ = {
			isa = PBXFrameworksBuildPhase;
			buildActionMask = 2147483647;
			files = (
				047C00632B6A21FC003D8E84 /* RealmSwift in Frameworks */,
				047C00612B6A21FC003D8E84 /* Realm in Frameworks */,
			);
			runOnlyForDeploymentPostprocessing = 0;
		};
/* End PBXFrameworksBuildPhase section */

/* Begin PBXGroup section */
		047C00342B6A2102003D8E84 = {
			isa = PBXGroup;
			children = (
				047C003F2B6A2102003D8E84 /* RealmServiceForMutex */,
				047C003E2B6A2102003D8E84 /* Products */,
			);
			sourceTree = "<group>";
		};
		047C003E2B6A2102003D8E84 /* Products */ = {
			isa = PBXGroup;
			children = (
				047C003D2B6A2102003D8E84 /* RealmServiceForMutex.app */,
			);
			name = Products;
			sourceTree = "<group>";
		};
		047C003F2B6A2102003D8E84 /* RealmServiceForMutex */ = {
			isa = PBXGroup;
			children = (
				047C006A2B6A33C3003D8E84 /* Service */,
				047C00642B6A220E003D8E84 /* Model */,
				047C00402B6A2102003D8E84 /* AppDelegate.swift */,
				047C00422B6A2102003D8E84 /* SceneDelegate.swift */,
				047C00442B6A2103003D8E84 /* ViewController.swift */,
				047C00462B6A2103003D8E84 /* Main.storyboard */,
				047C00492B6A2107003D8E84 /* Assets.xcassets */,
				047C004B2B6A2107003D8E84 /* LaunchScreen.storyboard */,
				047C004E2B6A2107003D8E84 /* Info.plist */,
			);
			path = RealmServiceForMutex;
			sourceTree = "<group>";
		};
		047C00642B6A220E003D8E84 /* Model */ = {
			isa = PBXGroup;
			children = (
				047C00672B6A27EC003D8E84 /* Item.swift */,
			);
			path = Model;
			sourceTree = "<group>";
		};
		047C006A2B6A33C3003D8E84 /* Service */ = {
			isa = PBXGroup;
			children = (
				047C006B2B6A33D9003D8E84 /* RealmService.swift */,
			);
			path = Service;
			sourceTree = "<group>";
		};
/* End PBXGroup section */

/* Begin PBXNativeTarget section */
		047C003C2B6A2102003D8E84 /* RealmServiceForMutex */ = {
			isa = PBXNativeTarget;
			buildConfigurationList = 047C00512B6A2107003D8E84 /* Build configuration list for PBXNativeTarget "RealmServiceForMutex" */;
			buildPhases = (
				047C00392B6A2102003D8E84 /* Sources */,
				047C003A2B6A2102003D8E84 /* Frameworks */,
				047C003B2B6A2102003D8E84 /* Resources */,
			);
			buildRules = (
			);
			dependencies = (
			);
			name = RealmServiceForMutex;
			packageProductDependencies = (
				047C00602B6A21FC003D8E84 /* Realm */,
				047C00622B6A21FC003D8E84 /* RealmSwift */,
			);
			productName = RealmServiceForMutex;
			productReference = 047C003D2B6A2102003D8E84 /* RealmServiceForMutex.app */;
			productType = "com.apple.product-type.application";
		};
/* End PBXNativeTarget section */

/* Begin PBXProject section */
		047C00352B6A2102003D8E84 /* Project object */ = {
			isa = PBXProject;
			attributes = {
				BuildIndependentTargetsInParallel = 1;
				LastSwiftUpdateCheck = 1430;
				LastUpgradeCheck = 1430;
				TargetAttributes = {
					047C003C2B6A2102003D8E84 = {
						CreatedOnToolsVersion = 14.3.1;
					};
				};
			};
			buildConfigurationList = 047C00382B6A2102003D8E84 /* Build configuration list for PBXProject "RealmServiceForMutex" */;
			compatibilityVersion = "Xcode 14.0";
			developmentRegion = en;
			hasScannedForEncodings = 0;
			knownRegions = (
				en,
				Base,
			);
			mainGroup = 047C00342B6A2102003D8E84;
			packageReferences = (
				047C005F2B6A21FC003D8E84 /* XCRemoteSwiftPackageReference "realm-cocoa" */,
			);
			productRefGroup = 047C003E2B6A2102003D8E84 /* Products */;
			projectDirPath = "";
			projectRoot = "";
			targets = (
				047C003C2B6A2102003D8E84 /* RealmServiceForMutex */,
			);
		};
/* End PBXProject section */

/* Begin PBXResourcesBuildPhase section */
		047C003B2B6A2102003D8E84 /* Resources */ = {
			isa = PBXResourcesBuildPhase;
			buildActionMask = 2147483647;
			files = (
				047C004D2B6A2107003D8E84 /* LaunchScreen.storyboard in Resources */,
				047C004A2B6A2107003D8E84 /* Assets.xcassets in Resources */,
				047C00482B6A2103003D8E84 /* Main.storyboard in Resources */,
			);
			runOnlyForDeploymentPostprocessing = 0;
		};
/* End PBXResourcesBuildPhase section */

/* Begin PBXSourcesBuildPhase section */
		047C00392B6A2102003D8E84 /* Sources */ = {
			isa = PBXSourcesBuildPhase;
			buildActionMask = 2147483647;
			files = (
				047C00682B6A27EC003D8E84 /* Item.swift in Sources */,
				047C006C2B6A33D9003D8E84 /* RealmService.swift in Sources */,
				047C00452B6A2103003D8E84 /* ViewController.swift in Sources */,
				047C00412B6A2102003D8E84 /* AppDelegate.swift in Sources */,
				047C00432B6A2102003D8E84 /* SceneDelegate.swift in Sources */,
			);
			runOnlyForDeploymentPostprocessing = 0;
		};
/* End PBXSourcesBuildPhase section */

/* Begin PBXVariantGroup section */
		047C00462B6A2103003D8E84 /* Main.storyboard */ = {
			isa = PBXVariantGroup;
			children = (
				047C00472B6A2103003D8E84 /* Base */,
			);
			name = Main.storyboard;
			sourceTree = "<group>";
		};
		047C004B2B6A2107003D8E84 /* LaunchScreen.storyboard */ = {
			isa = PBXVariantGroup;
			children = (
				047C004C2B6A2107003D8E84 /* Base */,
			);
			name = LaunchScreen.storyboard;
			sourceTree = "<group>";
		};
/* End PBXVariantGroup section */

/* Begin XCBuildConfiguration section */
		047C004F2B6A2107003D8E84 /* Debug */ = {
			isa = XCBuildConfiguration;
			buildSettings = {
				ALWAYS_SEARCH_USER_PATHS = NO;
				CLANG_ANALYZER_NONNULL = YES;
				CLANG_ANALYZER_NUMBER_OBJECT_CONVERSION = YES_AGGRESSIVE;
				CLANG_CXX_LANGUAGE_STANDARD = "gnu++20";
				CLANG_ENABLE_MODULES = YES;
				CLANG_ENABLE_OBJC_ARC = YES;
				CLANG_ENABLE_OBJC_WEAK = YES;
				CLANG_WARN_BLOCK_CAPTURE_AUTORELEASING = YES;
				CLANG_WARN_BOOL_CONVERSION = YES;
				CLANG_WARN_COMMA = YES;
				CLANG_WARN_CONSTANT_CONVERSION = YES;
				CLANG_WARN_DEPRECATED_OBJC_IMPLEMENTATIONS = YES;
				CLANG_WARN_DIRECT_OBJC_ISA_USAGE = YES_ERROR;
				CLANG_WARN_DOCUMENTATION_COMMENTS = YES;
				CLANG_WARN_EMPTY_BODY = YES;
				CLANG_WARN_ENUM_CONVERSION = YES;
				CLANG_WARN_INFINITE_RECURSION = YES;
				CLANG_WARN_INT_CONVERSION = YES;
				CLANG_WARN_NON_LITERAL_NULL_CONVERSION = YES;
				CLANG_WARN_OBJC_IMPLICIT_RETAIN_SELF = YES;
				CLANG_WARN_OBJC_LITERAL_CONVERSION = YES;
				CLANG_WARN_OBJC_ROOT_CLASS = YES_ERROR;
				CLANG_WARN_QUOTED_INCLUDE_IN_FRAMEWORK_HEADER = YES;
				CLANG_WARN_RANGE_LOOP_ANALYSIS = YES;
				CLANG_WARN_STRICT_PROTOTYPES = YES;
				CLANG_WARN_SUSPICIOUS_MOVE = YES;
				CLANG_WARN_UNGUARDED_AVAILABILITY = YES_AGGRESSIVE;
				CLANG_WARN_UNREACHABLE_CODE = YES;
				CLANG_WARN__DUPLICATE_METHOD_MATCH = YES;
				COPY_PHASE_STRIP = NO;
				DEBUG_INFORMATION_FORMAT = dwarf;
				ENABLE_STRICT_OBJC_MSGSEND = YES;
				ENABLE_TESTABILITY = YES;
				GCC_C_LANGUAGE_STANDARD = gnu11;
				GCC_DYNAMIC_NO_PIC = NO;
				GCC_NO_COMMON_BLOCKS = YES;
				GCC_OPTIMIZATION_LEVEL = 0;
				GCC_PREPROCESSOR_DEFINITIONS = (
					"DEBUG=1",
					"$(inherited)",
				);
				GCC_WARN_64_TO_32_BIT_CONVERSION = YES;
				GCC_WARN_ABOUT_RETURN_TYPE = YES_ERROR;
				GCC_WARN_UNDECLARED_SELECTOR = YES;
				GCC_WARN_UNINITIALIZED_AUTOS = YES_AGGRESSIVE;
				GCC_WARN_UNUSED_FUNCTION = YES;
				GCC_WARN_UNUSED_VARIABLE = YES;
				IPHONEOS_DEPLOYMENT_TARGET = 16.4;
				MTL_ENABLE_DEBUG_INFO = INCLUDE_SOURCE;
				MTL_FAST_MATH = YES;
				ONLY_ACTIVE_ARCH = YES;
				SDKROOT = iphoneos;
				SWIFT_ACTIVE_COMPILATION_CONDITIONS = DEBUG;
				SWIFT_OPTIMIZATION_LEVEL = "-Onone";
			};
			name = Debug;
		};
		047C00502B6A2107003D8E84 /* Release */ = {
			isa = XCBuildConfiguration;
			buildSettings = {
				ALWAYS_SEARCH_USER_PATHS = NO;
				CLANG_ANALYZER_NONNULL = YES;
				CLANG_ANALYZER_NUMBER_OBJECT_CONVERSION = YES_AGGRESSIVE;
				CLANG_CXX_LANGUAGE_STANDARD = "gnu++20";
				CLANG_ENABLE_MODULES = YES;
				CLANG_ENABLE_OBJC_ARC = YES;
				CLANG_ENABLE_OBJC_WEAK = YES;
				CLANG_WARN_BLOCK_CAPTURE_AUTORELEASING = YES;
				CLANG_WARN_BOOL_CONVERSION = YES;
				CLANG_WARN_COMMA = YES;
				CLANG_WARN_CONSTANT_CONVERSION = YES;
				CLANG_WARN_DEPRECATED_OBJC_IMPLEMENTATIONS = YES;
				CLANG_WARN_DIRECT_OBJC_ISA_USAGE = YES_ERROR;
				CLANG_WARN_DOCUMENTATION_COMMENTS = YES;
				CLANG_WARN_EMPTY_BODY = YES;
				CLANG_WARN_ENUM_CONVERSION = YES;
				CLANG_WARN_INFINITE_RECURSION = YES;
				CLANG_WARN_INT_CONVERSION = YES;
				CLANG_WARN_NON_LITERAL_NULL_CONVERSION = YES;
				CLANG_WARN_OBJC_IMPLICIT_RETAIN_SELF = YES;
				CLANG_WARN_OBJC_LITERAL_CONVERSION = YES;
				CLANG_WARN_OBJC_ROOT_CLASS = YES_ERROR;
				CLANG_WARN_QUOTED_INCLUDE_IN_FRAMEWORK_HEADER = YES;
				CLANG_WARN_RANGE_LOOP_ANALYSIS = YES;
				CLANG_WARN_STRICT_PROTOTYPES = YES;
				CLANG_WARN_SUSPICIOUS_MOVE = YES;
				CLANG_WARN_UNGUARDED_AVAILABILITY = YES_AGGRESSIVE;
				CLANG_WARN_UNREACHABLE_CODE = YES;
				CLANG_WARN__DUPLICATE_METHOD_MATCH = YES;
				COPY_PHASE_STRIP = NO;
				DEBUG_INFORMATION_FORMAT = "dwarf-with-dsym";
				ENABLE_NS_ASSERTIONS = NO;
				ENABLE_STRICT_OBJC_MSGSEND = YES;
				GCC_C_LANGUAGE_STANDARD = gnu11;
				GCC_NO_COMMON_BLOCKS = YES;
				GCC_WARN_64_TO_32_BIT_CONVERSION = YES;
				GCC_WARN_ABOUT_RETURN_TYPE = YES_ERROR;
				GCC_WARN_UNDECLARED_SELECTOR = YES;
				GCC_WARN_UNINITIALIZED_AUTOS = YES_AGGRESSIVE;
				GCC_WARN_UNUSED_FUNCTION = YES;
				GCC_WARN_UNUSED_VARIABLE = YES;
				IPHONEOS_DEPLOYMENT_TARGET = 16.4;
				MTL_ENABLE_DEBUG_INFO = NO;
				MTL_FAST_MATH = YES;
				SDKROOT = iphoneos;
				SWIFT_COMPILATION_MODE = wholemodule;
				SWIFT_OPTIMIZATION_LEVEL = "-O";
				VALIDATE_PRODUCT = YES;
			};
			name = Release;
		};
		047C00522B6A2107003D8E84 /* Debug */ = {
			isa = XCBuildConfiguration;
			buildSettings = {
				ASSETCATALOG_COMPILER_APPICON_NAME = AppIcon;
				ASSETCATALOG_COMPILER_GLOBAL_ACCENT_COLOR_NAME = AccentColor;
				CODE_SIGN_STYLE = Automatic;
				CURRENT_PROJECT_VERSION = 1;
				GENERATE_INFOPLIST_FILE = YES;
				INFOPLIST_FILE = RealmServiceForMutex/Info.plist;
				INFOPLIST_KEY_UIApplicationSupportsIndirectInputEvents = YES;
				INFOPLIST_KEY_UILaunchStoryboardName = LaunchScreen;
				INFOPLIST_KEY_UIMainStoryboardFile = Main;
				INFOPLIST_KEY_UISupportedInterfaceOrientations_iPad = "UIInterfaceOrientationPortrait UIInterfaceOrientationPortraitUpsideDown UIInterfaceOrientationLandscapeLeft UIInterfaceOrientationLandscapeRight";
				INFOPLIST_KEY_UISupportedInterfaceOrientations_iPhone = "UIInterfaceOrientationPortrait UIInterfaceOrientationLandscapeLeft UIInterfaceOrientationLandscapeRight";
				LD_RUNPATH_SEARCH_PATHS = (
					"$(inherited)",
					"@executable_path/Frameworks",
				);
				MARKETING_VERSION = 1.0;
				PRODUCT_BUNDLE_IDENTIFIER = com.RealmServiceForMutex;
				PRODUCT_NAME = "$(TARGET_NAME)";
				SWIFT_EMIT_LOC_STRINGS = YES;
				SWIFT_VERSION = 5.0;
				TARGETED_DEVICE_FAMILY = "1,2";
			};
			name = Debug;
		};
		047C00532B6A2107003D8E84 /* Release */ = {
			isa = XCBuildConfiguration;
			buildSettings = {
				ASSETCATALOG_COMPILER_APPICON_NAME = AppIcon;
				ASSETCATALOG_COMPILER_GLOBAL_ACCENT_COLOR_NAME = AccentColor;
				CODE_SIGN_STYLE = Automatic;
				CURRENT_PROJECT_VERSION = 1;
				GENERATE_INFOPLIST_FILE = YES;
				INFOPLIST_FILE = RealmServiceForMutex/Info.plist;
				INFOPLIST_KEY_UIApplicationSupportsIndirectInputEvents = YES;
				INFOPLIST_KEY_UILaunchStoryboardName = LaunchScreen;
				INFOPLIST_KEY_UIMainStoryboardFile = Main;
				INFOPLIST_KEY_UISupportedInterfaceOrientations_iPad = "UIInterfaceOrientationPortrait UIInterfaceOrientationPortraitUpsideDown UIInterfaceOrientationLandscapeLeft UIInterfaceOrientationLandscapeRight";
				INFOPLIST_KEY_UISupportedInterfaceOrientations_iPhone = "UIInterfaceOrientationPortrait UIInterfaceOrientationLandscapeLeft UIInterfaceOrientationLandscapeRight";
				LD_RUNPATH_SEARCH_PATHS = (
					"$(inherited)",
					"@executable_path/Frameworks",
				);
				MARKETING_VERSION = 1.0;
				PRODUCT_BUNDLE_IDENTIFIER = com.RealmServiceForMutex;
				PRODUCT_NAME = "$(TARGET_NAME)";
				SWIFT_EMIT_LOC_STRINGS = YES;
				SWIFT_VERSION = 5.0;
				TARGETED_DEVICE_FAMILY = "1,2";
			};
			name = Release;
		};
/* End XCBuildConfiguration section */

/* Begin XCConfigurationList section */
		047C00382B6A2102003D8E84 /* Build configuration list for PBXProject "RealmServiceForMutex" */ = {
			isa = XCConfigurationList;
			buildConfigurations = (
				047C004F2B6A2107003D8E84 /* Debug */,
				047C00502B6A2107003D8E84 /* Release */,
			);
			defaultConfigurationIsVisible = 0;
			defaultConfigurationName = Release;
		};
		047C00512B6A2107003D8E84 /* Build configuration list for PBXNativeTarget "RealmServiceForMutex" */ = {
			isa = XCConfigurationList;
			buildConfigurations = (
				047C00522B6A2107003D8E84 /* Debug */,
				047C00532B6A2107003D8E84 /* Release */,
			);
			defaultConfigurationIsVisible = 0;
			defaultConfigurationName = Release;
		};
/* End XCConfigurationList section */

/* Begin XCRemoteSwiftPackageReference section */
		047C005F2B6A21FC003D8E84 /* XCRemoteSwiftPackageReference "realm-cocoa" */ = {
			isa = XCRemoteSwiftPackageReference;
			repositoryURL = "https://github.com/realm/realm-cocoa";
			requirement = {
				branch = master;
				kind = branch;
			};
		};
/* End XCRemoteSwiftPackageReference section */

/* Begin XCSwiftPackageProductDependency section */
		047C00602B6A21FC003D8E84 /* Realm */ = {
			isa = XCSwiftPackageProductDependency;
			package = 047C005F2B6A21FC003D8E84 /* XCRemoteSwiftPackageReference "realm-cocoa" */;
			productName = Realm;
		};
		047C00622B6A21FC003D8E84 /* RealmSwift */ = {
			isa = XCSwiftPackageProductDependency;
			package = 047C005F2B6A21FC003D8E84 /* XCRemoteSwiftPackageReference "realm-cocoa" */;
			productName = RealmSwift;
		};
/* End XCSwiftPackageProductDependency section */
	};
	rootObject = 047C00352B6A2102003D8E84 /* Project object */;
}
